
Microsoft Visual Studio Solution File, Format Version 12.00
# Visual Studio 15
VisualStudioVersion = 15.0.28307.1622
MinimumVisualStudioVersion = 10.0.40219.1
Project("{FAE04EC0-301F-11D3-BF4B-00C04F79EFBC}") = "MrZeGroceryStore", "MrZeGroceryStore.csproj", "{DF73B595-D2CF-4FAB-89B6-B55DD48E9362}"
EndProject
Project("{9A19103F-16F7-4668-BE54-9A1E7A4F7556}") = "MrZeGroceryStoreTestUnit", "..\MrZeGroceryStoreTestUnit\MrZeGroceryStoreTestUnit.csproj", "{D6E87A93-C1D0-4B5F-9E2C-7B8B9766922F}"
EndProject
Project("{FAE04EC0-301F-11D3-BF4B-00C04F79EFBC}") = "MrZeGroceryStoreCodedUITest", "..\MrZeGroceryStoreCodedUITest\MrZeGroceryStoreCodedUITest.csproj", "{0AE2695E-8D94-4D75-9C6E-C8950D8813B6}"
EndProject
Global
	GlobalSection(SolutionConfigurationPlatforms) = preSolution
		Debug|Any CPU = Debug|Any CPU
		Release|Any CPU = Release|Any CPU
	EndGlobalSection
	GlobalSection(ProjectConfigurationPlatforms) = postSolution
		{DF73B595-D2CF-4FAB-89B6-B55DD48E9362}.Debug|Any CPU.ActiveCfg = Debug|Any CPU
		{DF73B595-D2CF-4FAB-89B6-B55DD48E9362}.Debug|Any CPU.Build.0 = Debug|Any CPU
		{DF73B595-D2CF-4FAB-89B6-B55DD48E9362}.Release|Any CPU.ActiveCfg = Release|Any CPU
		{DF73B595-D2CF-4FAB-89B6-B55DD48E9362}.Release|Any CPU.Build.0 = Release|Any CPU
		{D6E87A93-C1D0-4B5F-9E2C-7B8B9766922F}.Debug|Any CPU.ActiveCfg = Debug|Any CPU
		{D6E87A93-C1D0-4B5F-9E2C-7B8B9766922F}.Debug|Any CPU.Build.0 = Debug|Any CPU
		{D6E87A93-C1D0-4B5F-9E2C-7B8B9766922F}.Release|Any CPU.ActiveCfg = Release|Any CPU
		{D6E87A93-C1D0-4B5F-9E2C-7B8B9766922F}.Release|Any CPU.Build.0 = Release|Any CPU
		{0AE2695E-8D94-4D75-9C6E-C8950D8813B6}.Debug|Any CPU.ActiveCfg = Debug|Any CPU
		{0AE2695E-8D94-4D75-9C6E-C8950D8813B6}.Debug|Any CPU.Build.0 = Debug|Any CPU
		{0AE2695E-8D94-4D75-9C6E-C8950D8813B6}.Release|Any CPU.ActiveCfg = Release|Any CPU
		{0AE2695E-8D94-4D75-9C6E-C8950D8813B6}.Release|Any CPU.Build.0 = Release|Any CPU
	EndGlobalSection
	GlobalSection(SolutionProperties) = preSolution
		HideSolutionNode = FALSE
	EndGlobalSection
	GlobalSection(ExtensibilityGlobals) = postSolution
		SolutionGuid = {9E62DD74-4A61-4A46-8F61-ECDD22FF63FB}
	EndGlobalSection
EndGlobal
